
Microsoft Visual Studio Solution File, Format Version 12.00
# Visual Studio Version 17
VisualStudioVersion = 17.6.33723.286
MinimumVisualStudioVersion = 10.0.40219.1
Project("{8BC9CEB8-8B4A-11D0-8D11-00A0C91BC942}") = "Project1", "Project1\Project1.vcxproj", "{EDA6AFD0-CBBF-4D0C-8F74-7F12D806FF00}"
EndProject
Project("{8BC9CEB8-8B4A-11D0-8D11-00A0C91BC942}") = "Sample-Test1", "Sample-Test1\Sample-Test1.vcxproj", "{5358BD56-C02A-4EAF-AF95-20D1BDDC8B39}"
EndProject
Project("{2150E333-8FDC-42A3-9474-1A3956D46DE8}") = "솔루션 항목", "솔루션 항목", "{E2279C10-B5FC-4E11-B2C3-781C11BF4BD8}"
	ProjectSection(SolutionItems) = preProject
		.gitignore = .gitignore
		README.md = README.md
	EndProjectSection
EndProject
Global
	GlobalSection(SolutionConfigurationPlatforms) = preSolution
		Debug|x64 = Debug|x64
		Debug|x86 = Debug|x86
		Release|x64 = Release|x64
		Release|x86 = Release|x86
	EndGlobalSection
	GlobalSection(ProjectConfigurationPlatforms) = postSolution
		{EDA6AFD0-CBBF-4D0C-8F74-7F12D806FF00}.Debug|x64.ActiveCfg = Debug|x64
		{EDA6AFD0-CBBF-4D0C-8F74-7F12D806FF00}.Debug|x64.Build.0 = Debug|x64
		{EDA6AFD0-CBBF-4D0C-8F74-7F12D806FF00}.Debug|x86.ActiveCfg = Debug|Win32
		{EDA6AFD0-CBBF-4D0C-8F74-7F12D806FF00}.Debug|x86.Build.0 = Debug|Win32
		{EDA6AFD0-CBBF-4D0C-8F74-7F12D806FF00}.Release|x64.ActiveCfg = Release|x64
		{EDA6AFD0-CBBF-4D0C-8F74-7F12D806FF00}.Release|x64.Build.0 = Release|x64
		{EDA6AFD0-CBBF-4D0C-8F74-7F12D806FF00}.Release|x86.ActiveCfg = Release|Win32
		{EDA6AFD0-CBBF-4D0C-8F74-7F12D806FF00}.Release|x86.Build.0 = Release|Win32
		{5358BD56-C02A-4EAF-AF95-20D1BDDC8B39}.Debug|x64.ActiveCfg = Debug|x64
		{5358BD56-C02A-4EAF-AF95-20D1BDDC8B39}.Debug|x64.Build.0 = Debug|x64
		{5358BD56-C02A-4EAF-AF95-20D1BDDC8B39}.Debug|x86.ActiveCfg = Debug|Win32
		{5358BD56-C02A-4EAF-AF95-20D1BDDC8B39}.Debug|x86.Build.0 = Debug|Win32
		{5358BD56-C02A-4EAF-AF95-20D1BDDC8B39}.Release|x64.ActiveCfg = Release|x64
		{5358BD56-C02A-4EAF-AF95-20D1BDDC8B39}.Release|x64.Build.0 = Release|x64
		{5358BD56-C02A-4EAF-AF95-20D1BDDC8B39}.Release|x86.ActiveCfg = Release|Win32
		{5358BD56-C02A-4EAF-AF95-20D1BDDC8B39}.Release|x86.Build.0 = Release|Win32
	EndGlobalSection
	GlobalSection(SolutionProperties) = preSolution
		HideSolutionNode = FALSE
	EndGlobalSection
	GlobalSection(ExtensibilityGlobals) = postSolution
		SolutionGuid = {299DF339-FCD2-4756-9322-6CA4911296D3}
	EndGlobalSection
EndGlobal
